
Microsoft Visual Studio Solution File, Format Version 12.00
# Visual Studio Version 17
VisualStudioVersion = 17.3.32922.545
MinimumVisualStudioVersion = 10.0.40219.1
Project("{FAE04EC0-301F-11D3-BF4B-00C04F79EFBC}") = "Nhom1_QuanLyHocVu", "Nhom1_QuanLyHocVu\Nhom1_QuanLyHocVu.csproj", "{0D58ED07-4719-4E21-B2FB-7903F39A4ADA}"
EndProject
Global
	GlobalSection(SolutionConfigurationPlatforms) = preSolution
		Debug|Any CPU = Debug|Any CPU
		Release|Any CPU = Release|Any CPU
	EndGlobalSection
	GlobalSection(ProjectConfigurationPlatforms) = postSolution
		{0D58ED07-4719-4E21-B2FB-7903F39A4ADA}.Debug|Any CPU.ActiveCfg = Debug|Any CPU
		{0D58ED07-4719-4E21-B2FB-7903F39A4ADA}.Debug|Any CPU.Build.0 = Debug|Any CPU
		{0D58ED07-4719-4E21-B2FB-7903F39A4ADA}.Release|Any CPU.ActiveCfg = Release|Any CPU
		{0D58ED07-4719-4E21-B2FB-7903F39A4ADA}.Release|Any CPU.Build.0 = Release|Any CPU
	EndGlobalSection
	GlobalSection(SolutionProperties) = preSolution
		HideSolutionNode = FALSE
	EndGlobalSection
	GlobalSection(ExtensibilityGlobals) = postSolution
		SolutionGuid = {E4AFB059-9BE6-425A-97F8-59D59843E648}
	EndGlobalSection
EndGlobal
